<?xml version="1.0" encoding="UTF-8"?>
<CONFIG>
  <ProjectOptions>
    <Version Value="11"/>
    <General>
      <Flags>
        <MainUnitHasScaledStatement Value="False"/>
      </Flags>
      <SessionStorage Value="InProjectDir"/>
      <MainUnit Value="0"/>
      <AutoCreateForms Value="False"/>
      <Title Value="Radio Player 40 Plus"/>
      <Scaled Value="True"/>
      <UseAppBundle Value="False"/>
      <ResourceType Value="res"/>
      <UseXPManifest Value="True"/>
      <XPManifest>
        <DpiAware Value="True"/>
      </XPManifest>
      <Icon Value="0"/>
      <Resources Count="11">
        <Resource_0 FileName="example_code.ps" Type="RCDATA" ResourceName="EXAMPLE_CODE"/>
        <Resource_1 FileName="sound/Bleep-sound.ogg" Type="RCDATA" ResourceName="SOUND0"/>
        <Resource_2 FileName="sound/Blooper-sound-effect.ogg" Type="RCDATA" ResourceName="SOUND1"/>
        <Resource_3 FileName="sound/Button-click-sound.ogg" Type="RCDATA" ResourceName="SOUND2"/>
        <Resource_4 FileName="sound/Connection-established-sound-effect.ogg" Type="RCDATA" ResourceName="SOUND3"/>
        <Resource_5 FileName="sound/ding-sound-effect_2.ogg" Type="RCDATA" ResourceName="SOUND4"/>
        <Resource_6 FileName="sound/Error-sound.ogg" Type="RCDATA" ResourceName="SOUND5"/>
        <Resource_7 FileName="sound/Error-sound-effect.ogg" Type="RCDATA" ResourceName="SOUND6"/>
        <Resource_8 FileName="sound/Intercom-beep-sound.ogg" Type="RCDATA" ResourceName="SOUND7"/>
        <Resource_9 FileName="sound/sms-tone.ogg" Type="RCDATA" ResourceName="SOUND8"/>
        <Resource_10 FileName="sound/Ticket-machine-sound.ogg" Type="RCDATA" ResourceName="SOUND9"/>
      </Resources>
    </General>
    <i18n>
      <EnableI18N LFM="False"/>
    </i18n>
    <VersionInfo>
      <UseVersionInfo Value="True"/>
      <AutoIncrementBuild Value="True"/>
      <MajorVersionNr Value="6"/>
      <MinorVersionNr Value="1"/>
      <RevisionNr Value="5"/>
      <Language Value="0415"/>
    </VersionInfo>
    <BuildModes Count="11">
      <Item1 Name="Default" Default="True"/>
      <Item2 Name="Default - Client">
        <CompilerOptions>
          <Version Value="11"/>
          <Target>
            <Filename Value="radio-player-client"/>
          </Target>
          <SearchPaths>
            <IncludeFiles Value="$(ProjOutDir)"/>
            <OtherUnitFiles Value="../../components/extlazarus;../../lib"/>
            <UnitOutputDirectory Value="lib/$(TargetCPU)-$(TargetOS)"/>
          </SearchPaths>
          <CodeGeneration>
            <TargetCPU Value="x86_64"/>
            <TargetOS Value="linux"/>
          </CodeGeneration>
          <Linking>
            <Options>
              <Win32>
                <GraphicApplication Value="True"/>
              </Win32>
            </Options>
          </Linking>
          <Other>
            <CustomOptions Value="-dCLIENT"/>
            <OtherDefines Count="1">
              <Define0 Value="CLIENT"/>
            </OtherDefines>
          </Other>
        </CompilerOptions>
      </Item2>
      <Item3 Name="Debug">
        <CompilerOptions>
          <Version Value="11"/>
          <Target>
            <Filename Value="project1"/>
          </Target>
          <SearchPaths>
            <IncludeFiles Value="$(ProjOutDir)"/>
            <OtherUnitFiles Value="../../components/extlazarus;../../lib"/>
            <UnitOutputDirectory Value="lib/$(TargetCPU)-$(TargetOS)"/>
          </SearchPaths>
          <Parsing>
            <SyntaxOptions>
              <IncludeAssertionCode Value="True"/>
            </SyntaxOptions>
          </Parsing>
          <CodeGeneration>
            <Checks>
              <IOChecks Value="True"/>
              <RangeChecks Value="True"/>
              <OverflowChecks Value="True"/>
              <StackChecks Value="True"/>
            </Checks>
            <VerifyObjMethodCallValidity Value="True"/>
            <TargetCPU Value="x86_64"/>
            <TargetOS Value="linux"/>
          </CodeGeneration>
          <Linking>
            <Debugging>
              <DebugInfoType Value="dsDwarf2Set"/>
              <UseHeaptrc Value="True"/>
              <TrashVariables Value="True"/>
              <UseExternalDbgSyms Value="True"/>
            </Debugging>
            <Options>
              <Win32>
                <GraphicApplication Value="True"/>
              </Win32>
            </Options>
          </Linking>
          <Other>
            <CustomOptions Value="-dAPP"/>
            <OtherDefines Count="1">
              <Define0 Value="APP"/>
            </OtherDefines>
          </Other>
        </CompilerOptions>
      </Item3>
      <Item4 Name="DebugWindows">
        <CompilerOptions>
          <Version Value="11"/>
          <Target>
            <Filename Value="radio-player.exe"/>
          </Target>
          <SearchPaths>
            <IncludeFiles Value="$(ProjOutDir)"/>
            <OtherUnitFiles Value="../../components/extlazarus;../../lib"/>
            <UnitOutputDirectory Value="lib/$(TargetCPU)-$(TargetOS)"/>
          </SearchPaths>
          <Parsing>
            <SyntaxOptions>
              <IncludeAssertionCode Value="True"/>
            </SyntaxOptions>
          </Parsing>
          <CodeGeneration>
            <Checks>
              <IOChecks Value="True"/>
              <RangeChecks Value="True"/>
              <OverflowChecks Value="True"/>
              <StackChecks Value="True"/>
            </Checks>
            <VerifyObjMethodCallValidity Value="True"/>
            <TargetCPU Value="i386"/>
            <TargetOS Value="win32"/>
          </CodeGeneration>
          <Linking>
            <Debugging>
              <DebugInfoType Value="dsDwarf2Set"/>
              <UseHeaptrc Value="True"/>
              <TrashVariables Value="True"/>
            </Debugging>
            <Options>
              <Win32>
                <GraphicApplication Value="True"/>
              </Win32>
            </Options>
          </Linking>
          <Other>
            <CustomOptions Value="-dAPP"/>
            <OtherDefines Count="1">
              <Define0 Value="APP"/>
            </OtherDefines>
          </Other>
        </CompilerOptions>
      </Item4>
      <Item5 Name="Release-Jacek">
        <CompilerOptions>
          <Version Value="11"/>
          <Target>
            <Filename Value="radio-player"/>
          </Target>
          <SearchPaths>
            <IncludeFiles Value="$(ProjOutDir)"/>
            <OtherUnitFiles Value="../../components/extlazarus;../../lib"/>
            <UnitOutputDirectory Value="lib/$(TargetCPU)-$(TargetOS)"/>
          </SearchPaths>
          <CodeGeneration>
            <SmartLinkUnit Value="True"/>
            <TargetCPU Value="x86_64"/>
            <TargetOS Value="linux"/>
            <Optimizations>
              <OptimizationLevel Value="3"/>
            </Optimizations>
          </CodeGeneration>
          <Linking>
            <Debugging>
              <GenerateDebugInfo Value="False"/>
            </Debugging>
            <LinkSmart Value="True"/>
            <Options>
              <Win32>
                <GraphicApplication Value="True"/>
              </Win32>
            </Options>
          </Linking>
          <Other>
            <CustomOptions Value="-dAPP
-dJACEK"/>
          </Other>
        </CompilerOptions>
      </Item5>
      <Item6 Name="Release">
        <CompilerOptions>
          <Version Value="11"/>
          <Target>
            <Filename Value="radio-player"/>
          </Target>
          <SearchPaths>
            <IncludeFiles Value="$(ProjOutDir)"/>
            <OtherUnitFiles Value="../../components/extlazarus;../../lib"/>
            <UnitOutputDirectory Value="lib/$(TargetCPU)-$(TargetOS)"/>
          </SearchPaths>
          <CodeGeneration>
            <SmartLinkUnit Value="True"/>
            <TargetCPU Value="x86_64"/>
            <TargetOS Value="linux"/>
            <Optimizations>
              <OptimizationLevel Value="3"/>
            </Optimizations>
          </CodeGeneration>
          <Linking>
            <Debugging>
              <GenerateDebugInfo Value="False"/>
            </Debugging>
            <LinkSmart Value="True"/>
            <Options>
              <Win32>
                <GraphicApplication Value="True"/>
              </Win32>
            </Options>
          </Linking>
          <Other>
            <CustomOptions Value="-dAPP"/>
            <OtherDefines Count="1">
              <Define0 Value="APP"/>
            </OtherDefines>
          </Other>
        </CompilerOptions>
      </Item6>
      <Item7 Name="Release-Client">
        <CompilerOptions>
          <Version Value="11"/>
          <Target>
            <Filename Value="radio-player-client"/>
          </Target>
          <SearchPaths>
            <IncludeFiles Value="$(ProjOutDir)"/>
            <OtherUnitFiles Value="../../components/extlazarus;../../lib"/>
            <UnitOutputDirectory Value="lib/$(TargetCPU)-$(TargetOS)"/>
          </SearchPaths>
          <CodeGeneration>
            <SmartLinkUnit Value="True"/>
            <TargetCPU Value="x86_64"/>
            <TargetOS Value="linux"/>
            <Optimizations>
              <OptimizationLevel Value="3"/>
            </Optimizations>
          </CodeGeneration>
          <Linking>
            <Debugging>
              <GenerateDebugInfo Value="False"/>
            </Debugging>
            <LinkSmart Value="True"/>
            <Options>
              <Win32>
                <GraphicApplication Value="True"/>
              </Win32>
            </Options>
          </Linking>
          <Other>
            <CustomOptions Value="-dCLIENT"/>
            <OtherDefines Count="1">
              <Define0 Value="CLIENT"/>
            </OtherDefines>
          </Other>
        </CompilerOptions>
      </Item7>
      <Item8 Name="Windows">
        <CompilerOptions>
          <Version Value="11"/>
          <Target>
            <Filename Value="radio-player.exe"/>
          </Target>
          <SearchPaths>
            <IncludeFiles Value="$(ProjOutDir)"/>
            <OtherUnitFiles Value="../../components/extlazarus;../../lib"/>
            <UnitOutputDirectory Value="lib/$(TargetCPU)-$(TargetOS)"/>
          </SearchPaths>
          <CodeGeneration>
            <SmartLinkUnit Value="True"/>
            <TargetCPU Value="i386"/>
            <TargetOS Value="win32"/>
            <Optimizations>
              <OptimizationLevel Value="3"/>
            </Optimizations>
          </CodeGeneration>
          <Linking>
            <Debugging>
              <GenerateDebugInfo Value="False"/>
            </Debugging>
            <LinkSmart Value="True"/>
            <Options>
              <Win32>
                <GraphicApplication Value="True"/>
              </Win32>
            </Options>
          </Linking>
          <Other>
            <CustomOptions Value="-dAPP"/>
            <OtherDefines Count="2">
              <Define0 Value="BOT"/>
              <Define1 Value="NOGUI"/>
            </OtherDefines>
          </Other>
        </CompilerOptions>
      </Item8>
      <Item9 Name="Windows-Client">
        <CompilerOptions>
          <Version Value="11"/>
          <Target>
            <Filename Value="radio-player-client.exe"/>
          </Target>
          <SearchPaths>
            <IncludeFiles Value="$(ProjOutDir)"/>
            <OtherUnitFiles Value="../../components/extlazarus;../../lib"/>
            <UnitOutputDirectory Value="lib/$(TargetCPU)-$(TargetOS)"/>
          </SearchPaths>
          <CodeGeneration>
            <SmartLinkUnit Value="True"/>
            <TargetCPU Value="i386"/>
            <TargetOS Value="win32"/>
            <Optimizations>
              <OptimizationLevel Value="3"/>
            </Optimizations>
          </CodeGeneration>
          <Linking>
            <Debugging>
              <GenerateDebugInfo Value="False"/>
            </Debugging>
            <LinkSmart Value="True"/>
            <Options>
              <Win32>
                <GraphicApplication Value="True"/>
              </Win32>
            </Options>
          </Linking>
          <Other>
            <CustomOptions Value="-dCLIENT"/>
            <OtherDefines Count="1">
              <Define0 Value="CLIENT"/>
            </OtherDefines>
          </Other>
        </CompilerOptions>
      </Item9>
      <Item10 Name="Windows64">
        <CompilerOptions>
          <Version Value="11"/>
          <Target>
            <Filename Value="radio-player-64.exe"/>
          </Target>
          <SearchPaths>
            <IncludeFiles Value="$(ProjOutDir)"/>
            <OtherUnitFiles Value="../../components/extlazarus;../../lib"/>
            <UnitOutputDirectory Value="lib/$(TargetCPU)-$(TargetOS)"/>
          </SearchPaths>
          <CodeGeneration>
            <SmartLinkUnit Value="True"/>
            <TargetCPU Value="x86_64"/>
            <TargetOS Value="win64"/>
            <Optimizations>
              <OptimizationLevel Value="3"/>
            </Optimizations>
          </CodeGeneration>
          <Linking>
            <Debugging>
              <GenerateDebugInfo Value="False"/>
            </Debugging>
            <LinkSmart Value="True"/>
            <Options>
              <Win32>
                <GraphicApplication Value="True"/>
              </Win32>
            </Options>
          </Linking>
          <Other>
            <CustomOptions Value="-dAPP"/>
            <OtherDefines Count="1">
              <Define0 Value="APP"/>
            </OtherDefines>
          </Other>
        </CompilerOptions>
      </Item10>
      <Item11 Name="Windows64-Client">
        <CompilerOptions>
          <Version Value="11"/>
          <Target>
            <Filename Value="radio-player-client-64.exe"/>
          </Target>
          <SearchPaths>
            <IncludeFiles Value="$(ProjOutDir)"/>
            <OtherUnitFiles Value="../../components/extlazarus;../../lib"/>
            <UnitOutputDirectory Value="lib/$(TargetCPU)-$(TargetOS)"/>
          </SearchPaths>
          <CodeGeneration>
            <SmartLinkUnit Value="True"/>
            <TargetCPU Value="x86_64"/>
            <TargetOS Value="win64"/>
            <Optimizations>
              <OptimizationLevel Value="3"/>
            </Optimizations>
          </CodeGeneration>
          <Linking>
            <Debugging>
              <GenerateDebugInfo Value="False"/>
            </Debugging>
            <LinkSmart Value="True"/>
            <Options>
              <Win32>
                <GraphicApplication Value="True"/>
              </Win32>
            </Options>
          </Linking>
          <Other>
            <CustomOptions Value="-dCLIENT"/>
            <OtherDefines Count="1">
              <Define0 Value="CLIENT"/>
            </OtherDefines>
          </Other>
        </CompilerOptions>
      </Item11>
    </BuildModes>
    <PublishOptions>
      <Version Value="2"/>
      <DestinationDirectory Value="/home/tao/Projekty/Public"/>
      <CompressFinally Value="False"/>
      <UseFileFilters Value="True"/>
    </PublishOptions>
    <RunParams>
      <FormatVersion Value="2"/>
      <Modes Count="0"/>
    </RunParams>
    <RequiredPackages Count="18">
      <Item1>
        <PackageName Value="pl_Cindy"/>
      </Item1>
      <Item2>
        <PackageName Value="SynEdit"/>
      </Item2>
      <Item3>
        <PackageName Value="pascalscript"/>
      </Item3>
      <Item4>
        <PackageName Value="lnetvisual"/>
      </Item4>
      <Item5>
        <PackageName Value="FrameViewer09"/>
      </Item5>
      <Item6>
        <PackageName Value="TurboPowerIPro"/>
      </Item6>
      <Item7>
        <PackageName Value="rxnew"/>
      </Item7>
      <Item8>
        <PackageName Value="pl_excontrols"/>
      </Item8>
      <Item9>
        <PackageName Value="bgracontrols"/>
      </Item9>
      <Item10>
        <PackageName Value="industrial"/>
      </Item10>
      <Item11>
        <PackageName Value="FCL"/>
      </Item11>
      <Item12>
        <PackageName Value="zcomponent"/>
      </Item12>
      <Item13>
        <PackageName Value="lib_register"/>
      </Item13>
      <Item14>
        <PackageName Value="Abbrevia"/>
      </Item14>
      <Item15>
        <PackageName Value="pkg_gifanim"/>
      </Item15>
      <Item16>
        <PackageName Value="uEControls"/>
      </Item16>
      <Item17>
        <PackageName Value="ExtLazarus"/>
      </Item17>
      <Item18>
        <PackageName Value="LCL"/>
      </Item18>
    </RequiredPackages>
    <Units Count="21">
      <Unit0>
        <Filename Value="project1.lpr"/>
        <IsPartOfProject Value="True"/>
      </Unit0>
      <Unit1>
        <Filename Value="main.pas"/>
        <IsPartOfProject Value="True"/>
        <ComponentName Value="FMain"/>
        <HasResources Value="True"/>
        <ResourceBaseClass Value="Form"/>
      </Unit1>
      <Unit2>
        <Filename Value="pobieranie.pas"/>
        <IsPartOfProject Value="True"/>
        <ComponentName Value="FPobieranie"/>
        <HasResources Value="True"/>
        <ResourceBaseClass Value="Form"/>
        <UnitName Value="Pobieranie"/>
      </Unit2>
      <Unit3>
        <Filename Value="pozdrowienia.pas"/>
        <IsPartOfProject Value="True"/>
        <ComponentName Value="FPozdrowienia"/>
        <HasResources Value="True"/>
        <ResourceBaseClass Value="Form"/>
      </Unit3>
      <Unit4>
        <Filename Value="ramowka.pas"/>
        <IsPartOfProject Value="True"/>
        <ComponentName Value="FRamowka"/>
        <HasResources Value="True"/>
        <ResourceBaseClass Value="Form"/>
      </Unit4>
      <Unit5>
        <Filename Value="zamowutwor.pas"/>
        <IsPartOfProject Value="True"/>
        <ComponentName Value="FZamowUtwor"/>
        <HasResources Value="True"/>
        <ResourceBaseClass Value="Form"/>
      </Unit5>
      <Unit6>
        <Filename Value="config.pas"/>
        <IsPartOfProject Value="True"/>
      </Unit6>
      <Unit7>
        <Filename Value="datamodule.pas"/>
        <IsPartOfProject Value="True"/>
        <ComponentName Value="dm"/>
        <HasResources Value="True"/>
        <ResourceBaseClass Value="DataModule"/>
      </Unit7>
      <Unit8>
        <Filename Value="chat_pomoc.pas"/>
        <IsPartOfProject Value="True"/>
        <ComponentName Value="FChatPomoc"/>
        <HasResources Value="True"/>
        <ResourceBaseClass Value="Form"/>
      </Unit8>
      <Unit9>
        <Filename Value="chat.pas"/>
        <IsPartOfProject Value="True"/>
        <ComponentName Value="FChat"/>
        <HasResources Value="True"/>
        <ResourceBaseClass Value="Form"/>
      </Unit9>
      <Unit10>
        <Filename Value="dumpsrc.pas"/>
        <IsPartOfProject Value="True"/>
        <ComponentName Value="FDumpSrc"/>
        <HasResources Value="True"/>
        <ResourceBaseClass Value="Form"/>
      </Unit10>
      <Unit11>
        <Filename Value="libgpg.pas"/>
        <IsPartOfProject Value="True"/>
        <UnitName Value="LibGPG"/>
      </Unit11>
      <Unit12>
        <Filename Value="unit_exit.pas"/>
        <IsPartOfProject Value="True"/>
        <ComponentName Value="FHalt"/>
        <HasResources Value="True"/>
        <ResourceBaseClass Value="Form"/>
      </Unit12>
      <Unit13>
        <Filename Value="consola.pas"/>
        <IsPartOfProject Value="True"/>
        <ComponentName Value="FConsola"/>
        <HasResources Value="True"/>
        <ResourceBaseClass Value="Form"/>
      </Unit13>
      <Unit14>
        <Filename Value="fileconf.pas"/>
        <IsPartOfProject Value="True"/>
        <ComponentName Value="FFileConf"/>
        <HasResources Value="True"/>
        <ResourceBaseClass Value="Form"/>
      </Unit14>
      <Unit15>
        <Filename Value="ustawienia.pas"/>
        <IsPartOfProject Value="True"/>
        <ComponentName Value="FUstawienia"/>
        <HasResources Value="True"/>
        <ResourceBaseClass Value="Form"/>
      </Unit15>
      <Unit16>
        <Filename Value="client.pas"/>
        <IsPartOfProject Value="True"/>
        <ComponentName Value="FClient"/>
        <HasResources Value="True"/>
        <ResourceBaseClass Value="Form"/>
      </Unit16>
      <Unit17>
        <Filename Value="netopendialog.pas"/>
        <IsPartOfProject Value="True"/>
        <ComponentName Value="FNetOpenDialog"/>
        <HasResources Value="True"/>
        <ResourceBaseClass Value="Form"/>
        <UnitName Value="NetOpenDialog"/>
      </Unit17>
      <Unit18>
        <Filename Value="bot.pas"/>
        <IsPartOfProject Value="True"/>
      </Unit18>
      <Unit19>
        <Filename Value="bot_edytor_kodu.pas"/>
        <IsPartOfProject Value="True"/>
        <ComponentName Value="FBotEdytorKodu"/>
        <HasResources Value="True"/>
        <ResourceBaseClass Value="Form"/>
      </Unit19>
      <Unit20>
        <Filename Value="bot_code_help.pas"/>
        <IsPartOfProject Value="True"/>
        <ComponentName Value="FPomocKodera"/>
        <HasResources Value="True"/>
        <ResourceBaseClass Value="Form"/>
      </Unit20>
    </Units>
  </ProjectOptions>
  <CompilerOptions>
    <Version Value="11"/>
    <Target>
      <Filename Value="project1"/>
    </Target>
    <SearchPaths>
      <IncludeFiles Value="$(ProjOutDir)"/>
      <OtherUnitFiles Value="../../components/extlazarus;../../lib"/>
      <UnitOutputDirectory Value="lib/$(TargetCPU)-$(TargetOS)"/>
    </SearchPaths>
    <CodeGeneration>
      <TargetCPU Value="x86_64"/>
      <TargetOS Value="linux"/>
    </CodeGeneration>
    <Linking>
      <Options>
        <Win32>
          <GraphicApplication Value="True"/>
        </Win32>
      </Options>
    </Linking>
    <Other>
      <CustomOptions Value="-dAPP"/>
    </Other>
  </CompilerOptions>
</CONFIG>
